
Microsoft Visual Studio Solution File, Format Version 12.00
# Visual Studio 15
VisualStudioVersion = 15.0.26730.8
MinimumVisualStudioVersion = 10.0.40219.1
Project("{FAE04EC0-301F-11D3-BF4B-00C04F79EFBC}") = "YourBitcoinManager", "YourBitcoinManager.csproj", "{F9EB008A-E357-746F-6ECA-1C1E09F6324B}"
EndProject
Project("{FAE04EC0-301F-11D3-BF4B-00C04F79EFBC}") = "YourBitcoinManager.Plugins", "YourBitcoinManager.Plugins.csproj", "{5C9E14A8-597B-76A3-762D-64373BA5F0B3}"
EndProject
Project("{FAE04EC0-301F-11D3-BF4B-00C04F79EFBC}") = "YourBitcoinManager.Editor", "YourBitcoinManager.Editor.csproj", "{A7508096-2C26-617D-0B99-A8B5166A122C}"
EndProject
Project("{FAE04EC0-301F-11D3-BF4B-00C04F79EFBC}") = "YourBitcoinManager.Editor.Plugins", "YourBitcoinManager.Editor.Plugins.csproj", "{4FD94D9F-8FC3-4173-6375-9DAACFA2E5C2}"
EndProject
Global
	GlobalSection(SolutionConfigurationPlatforms) = preSolution
		Debug|Any CPU = Debug|Any CPU
		Release|Any CPU = Release|Any CPU
	EndGlobalSection
	GlobalSection(ProjectConfigurationPlatforms) = postSolution
		{F9EB008A-E357-746F-6ECA-1C1E09F6324B}.Debug|Any CPU.ActiveCfg = Debug|Any CPU
		{F9EB008A-E357-746F-6ECA-1C1E09F6324B}.Debug|Any CPU.Build.0 = Debug|Any CPU
		{F9EB008A-E357-746F-6ECA-1C1E09F6324B}.Release|Any CPU.ActiveCfg = Release|Any CPU
		{F9EB008A-E357-746F-6ECA-1C1E09F6324B}.Release|Any CPU.Build.0 = Release|Any CPU
		{5C9E14A8-597B-76A3-762D-64373BA5F0B3}.Debug|Any CPU.ActiveCfg = Debug|Any CPU
		{5C9E14A8-597B-76A3-762D-64373BA5F0B3}.Debug|Any CPU.Build.0 = Debug|Any CPU
		{5C9E14A8-597B-76A3-762D-64373BA5F0B3}.Release|Any CPU.ActiveCfg = Release|Any CPU
		{5C9E14A8-597B-76A3-762D-64373BA5F0B3}.Release|Any CPU.Build.0 = Release|Any CPU
		{A7508096-2C26-617D-0B99-A8B5166A122C}.Debug|Any CPU.ActiveCfg = Debug|Any CPU
		{A7508096-2C26-617D-0B99-A8B5166A122C}.Debug|Any CPU.Build.0 = Debug|Any CPU
		{A7508096-2C26-617D-0B99-A8B5166A122C}.Release|Any CPU.ActiveCfg = Release|Any CPU
		{A7508096-2C26-617D-0B99-A8B5166A122C}.Release|Any CPU.Build.0 = Release|Any CPU
		{4FD94D9F-8FC3-4173-6375-9DAACFA2E5C2}.Debug|Any CPU.ActiveCfg = Debug|Any CPU
		{4FD94D9F-8FC3-4173-6375-9DAACFA2E5C2}.Debug|Any CPU.Build.0 = Debug|Any CPU
		{4FD94D9F-8FC3-4173-6375-9DAACFA2E5C2}.Release|Any CPU.ActiveCfg = Release|Any CPU
		{4FD94D9F-8FC3-4173-6375-9DAACFA2E5C2}.Release|Any CPU.Build.0 = Release|Any CPU
	EndGlobalSection
	GlobalSection(SolutionProperties) = preSolution
		HideSolutionNode = FALSE
	EndGlobalSection
	GlobalSection(ExtensibilityGlobals) = postSolution
		SolutionGuid = {0A7D2F8C-A782-427B-8F9B-F4B95375977F}
	EndGlobalSection
EndGlobal
